// !$*UTF8*$!
{
	archiveVersion = 1;
	classes = {
	};
	objectVersion = 50;
	objects = {

/* Begin PBXBuildFile section */
		68B5C28622F5D84C0093226F /* AppDelegate.swift in Sources */ = {isa = PBXBuildFile; fileRef = 68B5C28522F5D84C0093226F /* AppDelegate.swift */; };
		68B5C28822F5D84C0093226F /* SceneDelegate.swift in Sources */ = {isa = PBXBuildFile; fileRef = 68B5C28722F5D84C0093226F /* SceneDelegate.swift */; };
		68B5C28A22F5D84C0093226F /* ContentView.swift in Sources */ = {isa = PBXBuildFile; fileRef = 68B5C28922F5D84C0093226F /* ContentView.swift */; };
		68B5C28C22F5D84D0093226F /* Assets.xcassets in Resources */ = {isa = PBXBuildFile; fileRef = 68B5C28B22F5D84D0093226F /* Assets.xcassets */; };
		68B5C28F22F5D84D0093226F /* Preview Assets.xcassets in Resources */ = {isa = PBXBuildFile; fileRef = 68B5C28E22F5D84D0093226F /* Preview Assets.xcassets */; };
		68B5C29222F5D84D0093226F /* LaunchScreen.storyboard in Resources */ = {isa = PBXBuildFile; fileRef = 68B5C29022F5D84D0093226F /* LaunchScreen.storyboard */; };
		68B5C29C22F5FDB20093226F /* final.gif in Resources */ = {isa = PBXBuildFile; fileRef = 68B5C29B22F5FDB20093226F /* final.gif */; };
/* End PBXBuildFile section */

/* Begin PBXFileReference section */
		68B5C28222F5D84C0093226F /* SwiftUI-StateDemo.app */ = {isa = PBXFileReference; explicitFileType = wrapper.application; includeInIndex = 0; path = "SwiftUI-StateDemo.app"; sourceTree = BUILT_PRODUCTS_DIR; };
		68B5C28522F5D84C0093226F /* AppDelegate.swift */ = {isa = PBXFileReference; lastKnownFileType = sourcecode.swift; path = AppDelegate.swift; sourceTree = "<group>"; };
		68B5C28722F5D84C0093226F /* SceneDelegate.swift */ = {isa = PBXFileReference; lastKnownFileType = sourcecode.swift; path = SceneDelegate.swift; sourceTree = "<group>"; };
		68B5C28922F5D84C0093226F /* ContentView.swift */ = {isa = PBXFileReference; lastKnownFileType = sourcecode.swift; path = ContentView.swift; sourceTree = "<group>"; };
		68B5C28B22F5D84D0093226F /* Assets.xcassets */ = {isa = PBXFileReference; lastKnownFileType = folder.assetcatalog; path = Assets.xcassets; sourceTree = "<group>"; };
		68B5C28E22F5D84D0093226F /* Preview Assets.xcassets */ = {isa = PBXFileReference; lastKnownFileType = folder.assetcatalog; path = "Preview Assets.xcassets"; sourceTree = "<group>"; };
		68B5C29122F5D84D0093226F /* Base */ = {isa = PBXFileReference; lastKnownFileType = file.storyboard; name = Base; path = Base.lproj/LaunchScreen.storyboard; sourceTree = "<group>"; };
		68B5C29322F5D84D0093226F /* Info.plist */ = {isa = PBXFileReference; lastKnownFileType = text.plist.xml; path = Info.plist; sourceTree = "<group>"; };
		68B5C29922F5FD250093226F /* README.md */ = {isa = PBXFileReference; lastKnownFileType = net.daringfireball.markdown; path = README.md; sourceTree = "<group>"; };
		68B5C29B22F5FDB20093226F /* final.gif */ = {isa = PBXFileReference; lastKnownFileType = image.gif; path = final.gif; sourceTree = "<group>"; };
/* End PBXFileReference section */

/* Begin PBXFrameworksBuildPhase section */
		68B5C27F22F5D84C0093226F /* Frameworks */ = {
			isa = PBXFrameworksBuildPhase;
			buildActionMask = 2147483647;
			files = (
			);
			runOnlyForDeploymentPostprocessing = 0;
		};
/* End PBXFrameworksBuildPhase section */

/* Begin PBXGroup section */
		68B5C27922F5D84C0093226F = {
			isa = PBXGroup;
			children = (
				68B5C29922F5FD250093226F /* README.md */,
				68B5C29A22F5FD2D0093226F /* readme-assets */,
				68B5C28422F5D84C0093226F /* SwiftUI-StateDemo */,
				68B5C28322F5D84C0093226F /* Products */,
			);
			sourceTree = "<group>";
		};
		68B5C28322F5D84C0093226F /* Products */ = {
			isa = PBXGroup;
			children = (
				68B5C28222F5D84C0093226F /* SwiftUI-StateDemo.app */,
			);
			name = Products;
			sourceTree = "<group>";
		};
		68B5C28422F5D84C0093226F /* SwiftUI-StateDemo */ = {
			isa = PBXGroup;
			children = (
				68B5C28522F5D84C0093226F /* AppDelegate.swift */,
				68B5C28722F5D84C0093226F /* SceneDelegate.swift */,
				68B5C28922F5D84C0093226F /* ContentView.swift */,
				68B5C28B22F5D84D0093226F /* Assets.xcassets */,
				68B5C29022F5D84D0093226F /* LaunchScreen.storyboard */,
				68B5C29322F5D84D0093226F /* Info.plist */,
				68B5C28D22F5D84D0093226F /* Preview Content */,
			);
			path = "SwiftUI-StateDemo";
			sourceTree = "<group>";
		};
		68B5C28D22F5D84D0093226F /* Preview Content */ = {
			isa = PBXGroup;
			children = (
				68B5C28E22F5D84D0093226F /* Preview Assets.xcassets */,
			);
			path = "Preview Content";
			sourceTree = "<group>";
		};
		68B5C29A22F5FD2D0093226F /* readme-assets */ = {
			isa = PBXGroup;
			children = (
				68B5C29B22F5FDB20093226F /* final.gif */,
			);
			path = "readme-assets";
			sourceTree = "<group>";
		};
/* End PBXGroup section */

/* Begin PBXNativeTarget section */
		68B5C28122F5D84C0093226F /* SwiftUI-StateDemo */ = {
			isa = PBXNativeTarget;
			buildConfigurationList = 68B5C29622F5D84D0093226F /* Build configuration list for PBXNativeTarget "SwiftUI-StateDemo" */;
			buildPhases = (
				68B5C27E22F5D84C0093226F /* Sources */,
				68B5C27F22F5D84C0093226F /* Frameworks */,
				68B5C28022F5D84C0093226F /* Resources */,
			);
			buildRules = (
			);
			dependencies = (
			);
			name = "SwiftUI-StateDemo";
			productName = "SwiftUI-StateDemo";
			productReference = 68B5C28222F5D84C0093226F /* SwiftUI-StateDemo.app */;
			productType = "com.apple.product-type.application";
		};
/* End PBXNativeTarget section */

/* Begin PBXProject section */
		68B5C27A22F5D84C0093226F /* Project object */ = {
			isa = PBXProject;
			attributes = {
				LastSwiftUpdateCheck = 1100;
				LastUpgradeCheck = 1100;
				ORGANIZATIONNAME = "Russell Archer";
				TargetAttributes = {
					68B5C28122F5D84C0093226F = {
						CreatedOnToolsVersion = 11.0;
					};
				};
			};
			buildConfigurationList = 68B5C27D22F5D84C0093226F /* Build configuration list for PBXProject "SwiftUI-StateDemo" */;
			compatibilityVersion = "Xcode 9.3";
			developmentRegion = en;
			hasScannedForEncodings = 0;
			knownRegions = (
				en,
				Base,
			);
			mainGroup = 68B5C27922F5D84C0093226F;
			productRefGroup = 68B5C28322F5D84C0093226F /* Products */;
			projectDirPath = "";
			projectRoot = "";
			targets = (
				68B5C28122F5D84C0093226F /* SwiftUI-StateDemo */,
			);
		};
/* End PBXProject section */

/* Begin PBXResourcesBuildPhase section */
		68B5C28022F5D84C0093226F /* Resources */ = {
			isa = PBXResourcesBuildPhase;
			buildActionMask = 2147483647;
			files = (
				68B5C29222F5D84D0093226F /* LaunchScreen.storyboard in Resources */,
				68B5C28F22F5D84D0093226F /* Preview Assets.xcassets in Resources */,
				68B5C28C22F5D84D0093226F /* Assets.xcassets in Resources */,
				68B5C29C22F5FDB20093226F /* final.gif in Resources */,
			);
			runOnlyForDeploymentPostprocessing = 0;
		};
/* End PBXResourcesBuildPhase section */

/* Begin PBXSourcesBuildPhase section */
		68B5C27E22F5D84C0093226F /* Sources */ = {
			isa = PBXSourcesBuildPhase;
			buildActionMask = 2147483647;
			files = (
				68B5C28622F5D84C0093226F /* AppDelegate.swift in Sources */,
				68B5C28822F5D84C0093226F /* SceneDelegate.swift in Sources */,
				68B5C28A22F5D84C0093226F /* ContentView.swift in Sources */,
			);
			runOnlyForDeploymentPostprocessing = 0;
		};
/* End PBXSourcesBuildPhase section */

/* Begin PBXVariantGroup section */
		68B5C29022F5D84D0093226F /* LaunchScreen.storyboard */ = {
			isa = PBXVariantGroup;
			children = (
				68B5C29122F5D84D0093226F /* Base */,
			);
			name = LaunchScreen.storyboard;
			sourceTree = "<group>";
		};
/* End PBXVariantGroup section */

/* Begin XCBuildConfiguration section */
		68B5C29422F5D84D0093226F /* Debug */ = {
			isa = XCBuildConfiguration;
			buildSettings = {
				ALWAYS_SEARCH_USER_PATHS = NO;
				CLANG_ANALYZER_NONNULL = YES;
				CLANG_ANALYZER_NUMBER_OBJECT_CONVERSION = YES_AGGRESSIVE;
				CLANG_CXX_LANGUAGE_STANDARD = "gnu++14";
				CLANG_CXX_LIBRARY = "libc++";
				CLANG_ENABLE_MODULES = YES;
				CLANG_ENABLE_OBJC_ARC = YES;
				CLANG_ENABLE_OBJC_WEAK = YES;
				CLANG_WARN_BLOCK_CAPTURE_AUTORELEASING = YES;
				CLANG_WARN_BOOL_CONVERSION = YES;
				CLANG_WARN_COMMA = YES;
				CLANG_WARN_CONSTANT_CONVERSION = YES;
				CLANG_WARN_DEPRECATED_OBJC_IMPLEMENTATIONS = YES;
				CLANG_WARN_DIRECT_OBJC_ISA_USAGE = YES_ERROR;
				CLANG_WARN_DOCUMENTATION_COMMENTS = YES;
				CLANG_WARN_EMPTY_BODY = YES;
				CLANG_WARN_ENUM_CONVERSION = YES;
				CLANG_WARN_INFINITE_RECURSION = YES;
				CLANG_WARN_INT_CONVERSION = YES;
				CLANG_WARN_NON_LITERAL_NULL_CONVERSION = YES;
				CLANG_WARN_OBJC_IMPLICIT_RETAIN_SELF = YES;
				CLANG_WARN_OBJC_LITERAL_CONVERSION = YES;
				CLANG_WARN_OBJC_ROOT_CLASS = YES_ERROR;
				CLANG_WARN_RANGE_LOOP_ANALYSIS = YES;
				CLANG_WARN_STRICT_PROTOTYPES = YES;
				CLANG_WARN_SUSPICIOUS_MOVE = YES;
				CLANG_WARN_UNGUARDED_AVAILABILITY = YES_AGGRESSIVE;
				CLANG_WARN_UNREACHABLE_CODE = YES;
				CLANG_WARN__DUPLICATE_METHOD_MATCH = YES;
				COPY_PHASE_STRIP = NO;
				DEBUG_INFORMATION_FORMAT = dwarf;
				ENABLE_STRICT_OBJC_MSGSEND = YES;
				ENABLE_TESTABILITY = YES;
				GCC_C_LANGUAGE_STANDARD = gnu11;
				GCC_DYNAMIC_NO_PIC = NO;
				GCC_NO_COMMON_BLOCKS = YES;
				GCC_OPTIMIZATION_LEVEL = 0;
				GCC_PREPROCESSOR_DEFINITIONS = (
					"DEBUG=1",
					"$(inherited)",
				);
				GCC_WARN_64_TO_32_BIT_CONVERSION = YES;
				GCC_WARN_ABOUT_RETURN_TYPE = YES_ERROR;
				GCC_WARN_UNDECLARED_SELECTOR = YES;
				GCC_WARN_UNINITIALIZED_AUTOS = YES_AGGRESSIVE;
				GCC_WARN_UNUSED_FUNCTION = YES;
				GCC_WARN_UNUSED_VARIABLE = YES;
				IPHONEOS_DEPLOYMENT_TARGET = 13.0;
				MTL_ENABLE_DEBUG_INFO = INCLUDE_SOURCE;
				MTL_FAST_MATH = YES;
				ONLY_ACTIVE_ARCH = YES;
				SDKROOT = iphoneos;
				SWIFT_ACTIVE_COMPILATION_CONDITIONS = DEBUG;
				SWIFT_OPTIMIZATION_LEVEL = "-Onone";
			};
			name = Debug;
		};
		68B5C29522F5D84D0093226F /* Release */ = {
			isa = XCBuildConfiguration;
			buildSettings = {
				ALWAYS_SEARCH_USER_PATHS = NO;
				CLANG_ANALYZER_NONNULL = YES;
				CLANG_ANALYZER_NUMBER_OBJECT_CONVERSION = YES_AGGRESSIVE;
				CLANG_CXX_LANGUAGE_STANDARD = "gnu++14";
				CLANG_CXX_LIBRARY = "libc++";
				CLANG_ENABLE_MODULES = YES;
				CLANG_ENABLE_OBJC_ARC = YES;
				CLANG_ENABLE_OBJC_WEAK = YES;
				CLANG_WARN_BLOCK_CAPTURE_AUTORELEASING = YES;
				CLANG_WARN_BOOL_CONVERSION = YES;
				CLANG_WARN_COMMA = YES;
				CLANG_WARN_CONSTANT_CONVERSION = YES;
				CLANG_WARN_DEPRECATED_OBJC_IMPLEMENTATIONS = YES;
				CLANG_WARN_DIRECT_OBJC_ISA_USAGE = YES_ERROR;
				CLANG_WARN_DOCUMENTATION_COMMENTS = YES;
				CLANG_WARN_EMPTY_BODY = YES;
				CLANG_WARN_ENUM_CONVERSION = YES;
				CLANG_WARN_INFINITE_RECURSION = YES;
				CLANG_WARN_INT_CONVERSION = YES;
				CLANG_WARN_NON_LITERAL_NULL_CONVERSION = YES;
				CLANG_WARN_OBJC_IMPLICIT_RETAIN_SELF = YES;
				CLANG_WARN_OBJC_LITERAL_CONVERSION = YES;
				CLANG_WARN_OBJC_ROOT_CLASS = YES_ERROR;
				CLANG_WARN_RANGE_LOOP_ANALYSIS = YES;
				CLANG_WARN_STRICT_PROTOTYPES = YES;
				CLANG_WARN_SUSPICIOUS_MOVE = YES;
				CLANG_WARN_UNGUARDED_AVAILABILITY = YES_AGGRESSIVE;
				CLANG_WARN_UNREACHABLE_CODE = YES;
				CLANG_WARN__DUPLICATE_METHOD_MATCH = YES;
				COPY_PHASE_STRIP = NO;
				DEBUG_INFORMATION_FORMAT = "dwarf-with-dsym";
				ENABLE_NS_ASSERTIONS = NO;
				ENABLE_STRICT_OBJC_MSGSEND = YES;
				GCC_C_LANGUAGE_STANDARD = gnu11;
				GCC_NO_COMMON_BLOCKS = YES;
				GCC_WARN_64_TO_32_BIT_CONVERSION = YES;
				GCC_WARN_ABOUT_RETURN_TYPE = YES_ERROR;
				GCC_WARN_UNDECLARED_SELECTOR = YES;
				GCC_WARN_UNINITIALIZED_AUTOS = YES_AGGRESSIVE;
				GCC_WARN_UNUSED_FUNCTION = YES;
				GCC_WARN_UNUSED_VARIABLE = YES;
				IPHONEOS_DEPLOYMENT_TARGET = 13.0;
				MTL_ENABLE_DEBUG_INFO = NO;
				MTL_FAST_MATH = YES;
				SDKROOT = iphoneos;
				SWIFT_COMPILATION_MODE = wholemodule;
				SWIFT_OPTIMIZATION_LEVEL = "-O";
				VALIDATE_PRODUCT = YES;
			};
			name = Release;
		};
		68B5C29722F5D84D0093226F /* Debug */ = {
			isa = XCBuildConfiguration;
			buildSettings = {
				ASSETCATALOG_COMPILER_APPICON_NAME = AppIcon;
				CODE_SIGN_STYLE = Automatic;
				DEVELOPMENT_ASSET_PATHS = "SwiftUI-StateDemo/Preview\\ Content";
				DEVELOPMENT_TEAM = R6BE99W3FU;
				ENABLE_PREVIEWS = YES;
				INFOPLIST_FILE = "SwiftUI-StateDemo/Info.plist";
				LD_RUNPATH_SEARCH_PATHS = (
					"$(inherited)",
					"@executable_path/Frameworks",
				);
				PRODUCT_BUNDLE_IDENTIFIER = "com.rarcher.SwiftUI-StateDemo";
				PRODUCT_NAME = "$(TARGET_NAME)";
				SWIFT_VERSION = 5.0;
				TARGETED_DEVICE_FAMILY = "1,2";
			};
			name = Debug;
		};
		68B5C29822F5D84D0093226F /* Release */ = {
			isa = XCBuildConfiguration;
			buildSettings = {
				ASSETCATALOG_COMPILER_APPICON_NAME = AppIcon;
				CODE_SIGN_STYLE = Automatic;
				DEVELOPMENT_ASSET_PATHS = "SwiftUI-StateDemo/Preview\\ Content";
				DEVELOPMENT_TEAM = R6BE99W3FU;
				ENABLE_PREVIEWS = YES;
				INFOPLIST_FILE = "SwiftUI-StateDemo/Info.plist";
				LD_RUNPATH_SEARCH_PATHS = (
					"$(inherited)",
					"@executable_path/Frameworks",
				);
				PRODUCT_BUNDLE_IDENTIFIER = "com.rarcher.SwiftUI-StateDemo";
				PRODUCT_NAME = "$(TARGET_NAME)";
				SWIFT_VERSION = 5.0;
				TARGETED_DEVICE_FAMILY = "1,2";
			};
			name = Release;
		};
/* End XCBuildConfiguration section */

/* Begin XCConfigurationList section */
		68B5C27D22F5D84C0093226F /* Build configuration list for PBXProject "SwiftUI-StateDemo" */ = {
			isa = XCConfigurationList;
			buildConfigurations = (
				68B5C29422F5D84D0093226F /* Debug */,
				68B5C29522F5D84D0093226F /* Release */,
			);
			defaultConfigurationIsVisible = 0;
			defaultConfigurationName = Release;
		};
		68B5C29622F5D84D0093226F /* Build configuration list for PBXNativeTarget "SwiftUI-StateDemo" */ = {
			isa = XCConfigurationList;
			buildConfigurations = (
				68B5C29722F5D84D0093226F /* Debug */,
				68B5C29822F5D84D0093226F /* Release */,
			);
			defaultConfigurationIsVisible = 0;
			defaultConfigurationName = Release;
		};
/* End XCConfigurationList section */
	};
	rootObject = 68B5C27A22F5D84C0093226F /* Project object */;
}
